// !$*UTF8*$!
{
	archiveVersion = 1;
	classes = {
	};
	objectVersion = 77;
	objects = {

/* Begin PBXBuildFile section */
		722BE9522DEF35B800BFF794 /* FirebaseAuth in Frameworks */ = {isa = PBXBuildFile; productRef = 722BE9512DEF35B800BFF794 /* FirebaseAuth */; };
		722BE9542DEF35B800BFF794 /* FirebaseAuthCombine-Community in Frameworks */ = {isa = PBXBuildFile; productRef = 722BE9532DEF35B800BFF794 /* FirebaseAuthCombine-Community */; };
		722BE9562DEF35B800BFF794 /* FirebaseCore in Frameworks */ = {isa = PBXBuildFile; productRef = 722BE9552DEF35B800BFF794 /* FirebaseCore */; };
		722BE9582DEF35B800BFF794 /* FirebaseDatabase in Frameworks */ = {isa = PBXBuildFile; productRef = 722BE9572DEF35B800BFF794 /* FirebaseDatabase */; };
		722BE95A2DEF35B800BFF794 /* FirebaseFirestore in Frameworks */ = {isa = PBXBuildFile; productRef = 722BE9592DEF35B800BFF794 /* FirebaseFirestore */; };
		722BE95C2DEF35B800BFF794 /* FirebaseFirestoreCombine-Community in Frameworks */ = {isa = PBXBuildFile; productRef = 722BE95B2DEF35B800BFF794 /* FirebaseFirestoreCombine-Community */; };
		722BE95E2DEF35B800BFF794 /* FirebaseStorage in Frameworks */ = {isa = PBXBuildFile; productRef = 722BE95D2DEF35B800BFF794 /* FirebaseStorage */; };
		722BE9602DEF35B800BFF794 /* FirebaseStorageCombine-Community in Frameworks */ = {isa = PBXBuildFile; productRef = 722BE95F2DEF35B800BFF794 /* FirebaseStorageCombine-Community */; };
		722BE97A2DEF98DF00BFF794 /* FirebaseAnalytics in Frameworks */ = {isa = PBXBuildFile; productRef = 722BE9792DEF98DF00BFF794 /* FirebaseAnalytics */; };
		722BE97C2DEF98DF00BFF794 /* FirebaseAnalyticsOnDeviceConversion in Frameworks */ = {isa = PBXBuildFile; productRef = 722BE97B2DEF98DF00BFF794 /* FirebaseAnalyticsOnDeviceConversion */; };
/* End PBXBuildFile section */

/* Begin PBXContainerItemProxy section */
		722BE9232DEF331000BFF794 /* PBXContainerItemProxy */ = {
			isa = PBXContainerItemProxy;
			containerPortal = 722BE9082DEF330E00BFF794 /* Project object */;
			proxyType = 1;
			remoteGlobalIDString = 722BE90F2DEF330E00BFF794;
			remoteInfo = FinanceApp;
		};
		722BE92D2DEF331000BFF794 /* PBXContainerItemProxy */ = {
			isa = PBXContainerItemProxy;
			containerPortal = 722BE9082DEF330E00BFF794 /* Project object */;
			proxyType = 1;
			remoteGlobalIDString = 722BE90F2DEF330E00BFF794;
			remoteInfo = FinanceApp;
		};
/* End PBXContainerItemProxy section */

/* Begin PBXFileReference section */
		722BE9102DEF330E00BFF794 /* FinanceApp.app */ = {isa = PBXFileReference; explicitFileType = wrapper.application; includeInIndex = 0; path = FinanceApp.app; sourceTree = BUILT_PRODUCTS_DIR; };
		722BE9222DEF331000BFF794 /* FinanceAppTests.xctest */ = {isa = PBXFileReference; explicitFileType = wrapper.cfbundle; includeInIndex = 0; path = FinanceAppTests.xctest; sourceTree = BUILT_PRODUCTS_DIR; };
		722BE92C2DEF331000BFF794 /* FinanceAppUITests.xctest */ = {isa = PBXFileReference; explicitFileType = wrapper.cfbundle; includeInIndex = 0; path = FinanceAppUITests.xctest; sourceTree = BUILT_PRODUCTS_DIR; };
/* End PBXFileReference section */

/* Begin PBXFileSystemSynchronizedBuildFileExceptionSet section */
		729E79562DF320E400C7783C /* Exceptions for "FinanceApp" folder in "FinanceApp" target */ = {
			isa = PBXFileSystemSynchronizedBuildFileExceptionSet;
			membershipExceptions = (
				Info.plist,
			);
			target = 722BE90F2DEF330E00BFF794 /* FinanceApp */;
		};
/* End PBXFileSystemSynchronizedBuildFileExceptionSet section */

/* Begin PBXFileSystemSynchronizedRootGroup section */
		722BE9122DEF330E00BFF794 /* FinanceApp */ = {
			isa = PBXFileSystemSynchronizedRootGroup;
			exceptions = (
				729E79562DF320E400C7783C /* Exceptions for "FinanceApp" folder in "FinanceApp" target */,
			);
			path = FinanceApp;
			sourceTree = "<group>";
		};
/* End PBXFileSystemSynchronizedRootGroup section */

/* Begin PBXFrameworksBuildPhase section */
		722BE90D2DEF330E00BFF794 /* Frameworks */ = {
			isa = PBXFrameworksBuildPhase;
			buildActionMask = 2147483647;
			files = (
				722BE9522DEF35B800BFF794 /* FirebaseAuth in Frameworks */,
				722BE9562DEF35B800BFF794 /* FirebaseCore in Frameworks */,
				722BE9602DEF35B800BFF794 /* FirebaseStorageCombine-Community in Frameworks */,
				722BE9582DEF35B800BFF794 /* FirebaseDatabase in Frameworks */,
				722BE95C2DEF35B800BFF794 /* FirebaseFirestoreCombine-Community in Frameworks */,
				722BE95E2DEF35B800BFF794 /* FirebaseStorage in Frameworks */,
				722BE95A2DEF35B800BFF794 /* FirebaseFirestore in Frameworks */,
				722BE97C2DEF98DF00BFF794 /* FirebaseAnalyticsOnDeviceConversion in Frameworks */,
				722BE9542DEF35B800BFF794 /* FirebaseAuthCombine-Community in Frameworks */,
				722BE97A2DEF98DF00BFF794 /* FirebaseAnalytics in Frameworks */,
			);
			runOnlyForDeploymentPostprocessing = 0;
		};
		722BE91F2DEF331000BFF794 /* Frameworks */ = {
			isa = PBXFrameworksBuildPhase;
			buildActionMask = 2147483647;
			files = (
			);
			runOnlyForDeploymentPostprocessing = 0;
		};
		722BE9292DEF331000BFF794 /* Frameworks */ = {
			isa = PBXFrameworksBuildPhase;
			buildActionMask = 2147483647;
			files = (
			);
			runOnlyForDeploymentPostprocessing = 0;
		};
/* End PBXFrameworksBuildPhase section */

/* Begin PBXGroup section */
		722BE9072DEF330E00BFF794 = {
			isa = PBXGroup;
			children = (
				722BE9122DEF330E00BFF794 /* FinanceApp */,
				722BE9112DEF330E00BFF794 /* Products */,
			);
			sourceTree = "<group>";
		};
		722BE9112DEF330E00BFF794 /* Products */ = {
			isa = PBXGroup;
			children = (
				722BE9102DEF330E00BFF794 /* FinanceApp.app */,
				722BE9222DEF331000BFF794 /* FinanceAppTests.xctest */,
				722BE92C2DEF331000BFF794 /* FinanceAppUITests.xctest */,
			);
			name = Products;
			sourceTree = "<group>";
		};
/* End PBXGroup section */

/* Begin PBXNativeTarget section */
		722BE90F2DEF330E00BFF794 /* FinanceApp */ = {
			isa = PBXNativeTarget;
			buildConfigurationList = 722BE9362DEF331000BFF794 /* Build configuration list for PBXNativeTarget "FinanceApp" */;
			buildPhases = (
				722BE90C2DEF330E00BFF794 /* Sources */,
				722BE90D2DEF330E00BFF794 /* Frameworks */,
				722BE90E2DEF330E00BFF794 /* Resources */,
			);
			buildRules = (
			);
			dependencies = (
			);
			fileSystemSynchronizedGroups = (
				722BE9122DEF330E00BFF794 /* FinanceApp */,
			);
			name = FinanceApp;
			packageProductDependencies = (
				722BE9512DEF35B800BFF794 /* FirebaseAuth */,
				722BE9532DEF35B800BFF794 /* FirebaseAuthCombine-Community */,
				722BE9552DEF35B800BFF794 /* FirebaseCore */,
				722BE9572DEF35B800BFF794 /* FirebaseDatabase */,
				722BE9592DEF35B800BFF794 /* FirebaseFirestore */,
				722BE95B2DEF35B800BFF794 /* FirebaseFirestoreCombine-Community */,
				722BE95D2DEF35B800BFF794 /* FirebaseStorage */,
				722BE95F2DEF35B800BFF794 /* FirebaseStorageCombine-Community */,
				722BE9792DEF98DF00BFF794 /* FirebaseAnalytics */,
				722BE97B2DEF98DF00BFF794 /* FirebaseAnalyticsOnDeviceConversion */,
			);
			productName = FinanceApp;
			productReference = 722BE9102DEF330E00BFF794 /* FinanceApp.app */;
			productType = "com.apple.product-type.application";
		};
		722BE9212DEF331000BFF794 /* FinanceAppTests */ = {
			isa = PBXNativeTarget;
			buildConfigurationList = 722BE9392DEF331000BFF794 /* Build configuration list for PBXNativeTarget "FinanceAppTests" */;
			buildPhases = (
				722BE91E2DEF331000BFF794 /* Sources */,
				722BE91F2DEF331000BFF794 /* Frameworks */,
				722BE9202DEF331000BFF794 /* Resources */,
			);
			buildRules = (
			);
			dependencies = (
				722BE9242DEF331000BFF794 /* PBXTargetDependency */,
			);
			name = FinanceAppTests;
			packageProductDependencies = (
			);
			productName = FinanceAppTests;
			productReference = 722BE9222DEF331000BFF794 /* FinanceAppTests.xctest */;
			productType = "com.apple.product-type.bundle.unit-test";
		};
		722BE92B2DEF331000BFF794 /* FinanceAppUITests */ = {
			isa = PBXNativeTarget;
			buildConfigurationList = 722BE93C2DEF331000BFF794 /* Build configuration list for PBXNativeTarget "FinanceAppUITests" */;
			buildPhases = (
				722BE9282DEF331000BFF794 /* Sources */,
				722BE9292DEF331000BFF794 /* Frameworks */,
				722BE92A2DEF331000BFF794 /* Resources */,
			);
			buildRules = (
			);
			dependencies = (
				722BE92E2DEF331000BFF794 /* PBXTargetDependency */,
			);
			name = FinanceAppUITests;
			packageProductDependencies = (
			);
			productName = FinanceAppUITests;
			productReference = 722BE92C2DEF331000BFF794 /* FinanceAppUITests.xctest */;
			productType = "com.apple.product-type.bundle.ui-testing";
		};
/* End PBXNativeTarget section */

/* Begin PBXProject section */
		722BE9082DEF330E00BFF794 /* Project object */ = {
			isa = PBXProject;
			attributes = {
				BuildIndependentTargetsInParallel = 1;
				LastSwiftUpdateCheck = 1640;
				LastUpgradeCheck = 1640;
				TargetAttributes = {
					722BE90F2DEF330E00BFF794 = {
						CreatedOnToolsVersion = 16.4;
					};
					722BE9212DEF331000BFF794 = {
						CreatedOnToolsVersion = 16.4;
						TestTargetID = 722BE90F2DEF330E00BFF794;
					};
					722BE92B2DEF331000BFF794 = {
						CreatedOnToolsVersion = 16.4;
						TestTargetID = 722BE90F2DEF330E00BFF794;
					};
				};
			};
			buildConfigurationList = 722BE90B2DEF330E00BFF794 /* Build configuration list for PBXProject "FinanceApp" */;
			developmentRegion = en;
			hasScannedForEncodings = 0;
			knownRegions = (
				en,
				Base,
			);
			mainGroup = 722BE9072DEF330E00BFF794;
			minimizedProjectReferenceProxies = 1;
			packageReferences = (
				722BE9502DEF35B800BFF794 /* XCRemoteSwiftPackageReference "firebase-ios-sdk" */,
			);
			preferredProjectObjectVersion = 77;
			productRefGroup = 722BE9112DEF330E00BFF794 /* Products */;
			projectDirPath = "";
			projectRoot = "";
			targets = (
				722BE90F2DEF330E00BFF794 /* FinanceApp */,
				722BE9212DEF331000BFF794 /* FinanceAppTests */,
				722BE92B2DEF331000BFF794 /* FinanceAppUITests */,
			);
		};
/* End PBXProject section */

/* Begin PBXResourcesBuildPhase section */
		722BE90E2DEF330E00BFF794 /* Resources */ = {
			isa = PBXResourcesBuildPhase;
			buildActionMask = 2147483647;
			files = (
			);
			runOnlyForDeploymentPostprocessing = 0;
		};
		722BE9202DEF331000BFF794 /* Resources */ = {
			isa = PBXResourcesBuildPhase;
			buildActionMask = 2147483647;
			files = (
			);
			runOnlyForDeploymentPostprocessing = 0;
		};
		722BE92A2DEF331000BFF794 /* Resources */ = {
			isa = PBXResourcesBuildPhase;
			buildActionMask = 2147483647;
			files = (
			);
			runOnlyForDeploymentPostprocessing = 0;
		};
/* End PBXResourcesBuildPhase section */

/* Begin PBXSourcesBuildPhase section */
		722BE90C2DEF330E00BFF794 /* Sources */ = {
			isa = PBXSourcesBuildPhase;
			buildActionMask = 2147483647;
			files = (
			);
			runOnlyForDeploymentPostprocessing = 0;
		};
		722BE91E2DEF331000BFF794 /* Sources */ = {
			isa = PBXSourcesBuildPhase;
			buildActionMask = 2147483647;
			files = (
			);
			runOnlyForDeploymentPostprocessing = 0;
		};
		722BE9282DEF331000BFF794 /* Sources */ = {
			isa = PBXSourcesBuildPhase;
			buildActionMask = 2147483647;
			files = (
			);
			runOnlyForDeploymentPostprocessing = 0;
		};
/* End PBXSourcesBuildPhase section */

/* Begin PBXTargetDependency section */
		722BE9242DEF331000BFF794 /* PBXTargetDependency */ = {
			isa = PBXTargetDependency;
			target = 722BE90F2DEF330E00BFF794 /* FinanceApp */;
			targetProxy = 722BE9232DEF331000BFF794 /* PBXContainerItemProxy */;
		};
		722BE92E2DEF331000BFF794 /* PBXTargetDependency */ = {
			isa = PBXTargetDependency;
			target = 722BE90F2DEF330E00BFF794 /* FinanceApp */;
			targetProxy = 722BE92D2DEF331000BFF794 /* PBXContainerItemProxy */;
		};
/* End PBXTargetDependency section */

/* Begin XCBuildConfiguration section */
		722BE9342DEF331000BFF794 /* Debug */ = {
			isa = XCBuildConfiguration;
			buildSettings = {
				ALWAYS_SEARCH_USER_PATHS = NO;
				ASSETCATALOG_COMPILER_GENERATE_SWIFT_ASSET_SYMBOL_EXTENSIONS = YES;
				CLANG_ANALYZER_NONNULL = YES;
				CLANG_ANALYZER_NUMBER_OBJECT_CONVERSION = YES_AGGRESSIVE;
				CLANG_CXX_LANGUAGE_STANDARD = "gnu++20";
				CLANG_ENABLE_MODULES = YES;
				CLANG_ENABLE_OBJC_ARC = YES;
				CLANG_ENABLE_OBJC_WEAK = YES;
				CLANG_WARN_BLOCK_CAPTURE_AUTORELEASING = YES;
				CLANG_WARN_BOOL_CONVERSION = YES;
				CLANG_WARN_COMMA = YES;
				CLANG_WARN_CONSTANT_CONVERSION = YES;
				CLANG_WARN_DEPRECATED_OBJC_IMPLEMENTATIONS = YES;
				CLANG_WARN_DIRECT_OBJC_ISA_USAGE = YES_ERROR;
				CLANG_WARN_DOCUMENTATION_COMMENTS = YES;
				CLANG_WARN_EMPTY_BODY = YES;
				CLANG_WARN_ENUM_CONVERSION = YES;
				CLANG_WARN_INFINITE_RECURSION = YES;
				CLANG_WARN_INT_CONVERSION = YES;
				CLANG_WARN_NON_LITERAL_NULL_CONVERSION = YES;
				CLANG_WARN_OBJC_IMPLICIT_RETAIN_SELF = YES;
				CLANG_WARN_OBJC_LITERAL_CONVERSION = YES;
				CLANG_WARN_OBJC_ROOT_CLASS = YES_ERROR;
				CLANG_WARN_QUOTED_INCLUDE_IN_FRAMEWORK_HEADER = YES;
				CLANG_WARN_RANGE_LOOP_ANALYSIS = YES;
				CLANG_WARN_STRICT_PROTOTYPES = YES;
				CLANG_WARN_SUSPICIOUS_MOVE = YES;
				CLANG_WARN_UNGUARDED_AVAILABILITY = YES_AGGRESSIVE;
				CLANG_WARN_UNREACHABLE_CODE = YES;
				CLANG_WARN__DUPLICATE_METHOD_MATCH = YES;
				COPY_PHASE_STRIP = NO;
				DEBUG_INFORMATION_FORMAT = dwarf;
				DEVELOPMENT_TEAM = 8448SDBA8X;
				ENABLE_STRICT_OBJC_MSGSEND = YES;
				ENABLE_TESTABILITY = YES;
				ENABLE_USER_SCRIPT_SANDBOXING = YES;
				GCC_C_LANGUAGE_STANDARD = gnu17;
				GCC_DYNAMIC_NO_PIC = NO;
				GCC_NO_COMMON_BLOCKS = YES;
				GCC_OPTIMIZATION_LEVEL = 0;
				GCC_PREPROCESSOR_DEFINITIONS = (
					"DEBUG=1",
					"$(inherited)",
				);
				GCC_WARN_64_TO_32_BIT_CONVERSION = YES;
				GCC_WARN_ABOUT_RETURN_TYPE = YES_ERROR;
				GCC_WARN_UNDECLARED_SELECTOR = YES;
				GCC_WARN_UNINITIALIZED_AUTOS = YES_AGGRESSIVE;
				GCC_WARN_UNUSED_FUNCTION = YES;
				GCC_WARN_UNUSED_VARIABLE = YES;
				IPHONEOS_DEPLOYMENT_TARGET = 18.5;
				LOCALIZATION_PREFERS_STRING_CATALOGS = YES;
				MTL_ENABLE_DEBUG_INFO = INCLUDE_SOURCE;
				MTL_FAST_MATH = YES;
				ONLY_ACTIVE_ARCH = YES;
				SDKROOT = iphoneos;
				SWIFT_ACTIVE_COMPILATION_CONDITIONS = "DEBUG $(inherited)";
				SWIFT_OPTIMIZATION_LEVEL = "-Onone";
			};
			name = Debug;
		};
		722BE9352DEF331000BFF794 /* Release */ = {
			isa = XCBuildConfiguration;
			buildSettings = {
				ALWAYS_SEARCH_USER_PATHS = NO;
				ASSETCATALOG_COMPILER_GENERATE_SWIFT_ASSET_SYMBOL_EXTENSIONS = YES;
				CLANG_ANALYZER_NONNULL = YES;
				CLANG_ANALYZER_NUMBER_OBJECT_CONVERSION = YES_AGGRESSIVE;
				CLANG_CXX_LANGUAGE_STANDARD = "gnu++20";
				CLANG_ENABLE_MODULES = YES;
				CLANG_ENABLE_OBJC_ARC = YES;
				CLANG_ENABLE_OBJC_WEAK = YES;
				CLANG_WARN_BLOCK_CAPTURE_AUTORELEASING = YES;
				CLANG_WARN_BOOL_CONVERSION = YES;
				CLANG_WARN_COMMA = YES;
				CLANG_WARN_CONSTANT_CONVERSION = YES;
				CLANG_WARN_DEPRECATED_OBJC_IMPLEMENTATIONS = YES;
				CLANG_WARN_DIRECT_OBJC_ISA_USAGE = YES_ERROR;
				CLANG_WARN_DOCUMENTATION_COMMENTS = YES;
				CLANG_WARN_EMPTY_BODY = YES;
				CLANG_WARN_ENUM_CONVERSION = YES;
				CLANG_WARN_INFINITE_RECURSION = YES;
				CLANG_WARN_INT_CONVERSION = YES;
				CLANG_WARN_NON_LITERAL_NULL_CONVERSION = YES;
				CLANG_WARN_OBJC_IMPLICIT_RETAIN_SELF = YES;
				CLANG_WARN_OBJC_LITERAL_CONVERSION = YES;
				CLANG_WARN_OBJC_ROOT_CLASS = YES_ERROR;
				CLANG_WARN_QUOTED_INCLUDE_IN_FRAMEWORK_HEADER = YES;
				CLANG_WARN_RANGE_LOOP_ANALYSIS = YES;
				CLANG_WARN_STRICT_PROTOTYPES = YES;
				CLANG_WARN_SUSPICIOUS_MOVE = YES;
				CLANG_WARN_UNGUARDED_AVAILABILITY = YES_AGGRESSIVE;
				CLANG_WARN_UNREACHABLE_CODE = YES;
				CLANG_WARN__DUPLICATE_METHOD_MATCH = YES;
				COPY_PHASE_STRIP = NO;
				DEBUG_INFORMATION_FORMAT = "dwarf-with-dsym";
				DEVELOPMENT_TEAM = 8448SDBA8X;
				ENABLE_NS_ASSERTIONS = NO;
				ENABLE_STRICT_OBJC_MSGSEND = YES;
				ENABLE_USER_SCRIPT_SANDBOXING = YES;
				GCC_C_LANGUAGE_STANDARD = gnu17;
				GCC_NO_COMMON_BLOCKS = YES;
				GCC_WARN_64_TO_32_BIT_CONVERSION = YES;
				GCC_WARN_ABOUT_RETURN_TYPE = YES_ERROR;
				GCC_WARN_UNDECLARED_SELECTOR = YES;
				GCC_WARN_UNINITIALIZED_AUTOS = YES_AGGRESSIVE;
				GCC_WARN_UNUSED_FUNCTION = YES;
				GCC_WARN_UNUSED_VARIABLE = YES;
				IPHONEOS_DEPLOYMENT_TARGET = 18.5;
				LOCALIZATION_PREFERS_STRING_CATALOGS = YES;
				MTL_ENABLE_DEBUG_INFO = NO;
				MTL_FAST_MATH = YES;
				SDKROOT = iphoneos;
				SWIFT_COMPILATION_MODE = wholemodule;
				VALIDATE_PRODUCT = YES;
			};
			name = Release;
		};
		722BE9372DEF331000BFF794 /* Debug */ = {
			isa = XCBuildConfiguration;
			buildSettings = {
				ASSETCATALOG_COMPILER_APPICON_NAME = AppIcon;
				ASSETCATALOG_COMPILER_GLOBAL_ACCENT_COLOR_NAME = AccentColor;
				CODE_SIGN_STYLE = Automatic;
				CURRENT_PROJECT_VERSION = 1;
				DEVELOPMENT_TEAM = 8448SDBA8X;
				ENABLE_PREVIEWS = YES;
				GENERATE_INFOPLIST_FILE = YES;
				INFOPLIST_FILE = FinanceApp/Info.plist;
				INFOPLIST_KEY_UIApplicationSceneManifest_Generation = YES;
				INFOPLIST_KEY_UIApplicationSupportsIndirectInputEvents = YES;
				INFOPLIST_KEY_UILaunchScreen_Generation = YES;
				INFOPLIST_KEY_UISupportedInterfaceOrientations_iPad = "UIInterfaceOrientationPortrait UIInterfaceOrientationPortraitUpsideDown UIInterfaceOrientationLandscapeLeft UIInterfaceOrientationLandscapeRight";
				INFOPLIST_KEY_UISupportedInterfaceOrientations_iPhone = "UIInterfaceOrientationPortrait UIInterfaceOrientationLandscapeLeft UIInterfaceOrientationLandscapeRight";
				LD_RUNPATH_SEARCH_PATHS = (
					"$(inherited)",
					"@executable_path/Frameworks",
				);
				MARKETING_VERSION = 1.0;
				PRODUCT_BUNDLE_IDENTIFIER = com.ibirajunior.training.FinanceApp;
				PRODUCT_NAME = "$(TARGET_NAME)";
				SWIFT_EMIT_LOC_STRINGS = YES;
				SWIFT_VERSION = 5.0;
				TARGETED_DEVICE_FAMILY = "1,2";
			};
			name = Debug;
		};
		722BE9382DEF331000BFF794 /* Release */ = {
			isa = XCBuildConfiguration;
			buildSettings = {
				ASSETCATALOG_COMPILER_APPICON_NAME = AppIcon;
				ASSETCATALOG_COMPILER_GLOBAL_ACCENT_COLOR_NAME = AccentColor;
				CODE_SIGN_STYLE = Automatic;
				CURRENT_PROJECT_VERSION = 1;
				DEVELOPMENT_TEAM = 8448SDBA8X;
				ENABLE_PREVIEWS = YES;
				GENERATE_INFOPLIST_FILE = YES;
				INFOPLIST_FILE = FinanceApp/Info.plist;
				INFOPLIST_KEY_UIApplicationSceneManifest_Generation = YES;
				INFOPLIST_KEY_UIApplicationSupportsIndirectInputEvents = YES;
				INFOPLIST_KEY_UILaunchScreen_Generation = YES;
				INFOPLIST_KEY_UISupportedInterfaceOrientations_iPad = "UIInterfaceOrientationPortrait UIInterfaceOrientationPortraitUpsideDown UIInterfaceOrientationLandscapeLeft UIInterfaceOrientationLandscapeRight";
				INFOPLIST_KEY_UISupportedInterfaceOrientations_iPhone = "UIInterfaceOrientationPortrait UIInterfaceOrientationLandscapeLeft UIInterfaceOrientationLandscapeRight";
				LD_RUNPATH_SEARCH_PATHS = (
					"$(inherited)",
					"@executable_path/Frameworks",
				);
				MARKETING_VERSION = 1.0;
				PRODUCT_BUNDLE_IDENTIFIER = com.ibirajunior.training.FinanceApp;
				PRODUCT_NAME = "$(TARGET_NAME)";
				SWIFT_EMIT_LOC_STRINGS = YES;
				SWIFT_VERSION = 5.0;
				TARGETED_DEVICE_FAMILY = "1,2";
			};
			name = Release;
		};
		722BE93A2DEF331000BFF794 /* Debug */ = {
			isa = XCBuildConfiguration;
			buildSettings = {
				BUNDLE_LOADER = "$(TEST_HOST)";
				CODE_SIGN_STYLE = Automatic;
				CURRENT_PROJECT_VERSION = 1;
				DEVELOPMENT_TEAM = 8448SDBA8X;
				GENERATE_INFOPLIST_FILE = YES;
				IPHONEOS_DEPLOYMENT_TARGET = 18.5;
				MARKETING_VERSION = 1.0;
				PRODUCT_BUNDLE_IDENTIFIER = com.ibirajunior.training.FinanceAppTests;
				PRODUCT_NAME = "$(TARGET_NAME)";
				SWIFT_EMIT_LOC_STRINGS = NO;
				SWIFT_VERSION = 5.0;
				TARGETED_DEVICE_FAMILY = "1,2";
				TEST_HOST = "$(BUILT_PRODUCTS_DIR)/FinanceApp.app/$(BUNDLE_EXECUTABLE_FOLDER_PATH)/FinanceApp";
			};
			name = Debug;
		};
		722BE93B2DEF331000BFF794 /* Release */ = {
			isa = XCBuildConfiguration;
			buildSettings = {
				BUNDLE_LOADER = "$(TEST_HOST)";
				CODE_SIGN_STYLE = Automatic;
				CURRENT_PROJECT_VERSION = 1;
				DEVELOPMENT_TEAM = 8448SDBA8X;
				GENERATE_INFOPLIST_FILE = YES;
				IPHONEOS_DEPLOYMENT_TARGET = 18.5;
				MARKETING_VERSION = 1.0;
				PRODUCT_BUNDLE_IDENTIFIER = com.ibirajunior.training.FinanceAppTests;
				PRODUCT_NAME = "$(TARGET_NAME)";
				SWIFT_EMIT_LOC_STRINGS = NO;
				SWIFT_VERSION = 5.0;
				TARGETED_DEVICE_FAMILY = "1,2";
				TEST_HOST = "$(BUILT_PRODUCTS_DIR)/FinanceApp.app/$(BUNDLE_EXECUTABLE_FOLDER_PATH)/FinanceApp";
			};
			name = Release;
		};
		722BE93D2DEF331000BFF794 /* Debug */ = {
			isa = XCBuildConfiguration;
			buildSettings = {
				CODE_SIGN_STYLE = Automatic;
				CURRENT_PROJECT_VERSION = 1;
				DEVELOPMENT_TEAM = 8448SDBA8X;
				GENERATE_INFOPLIST_FILE = YES;
				MARKETING_VERSION = 1.0;
				PRODUCT_BUNDLE_IDENTIFIER = com.ibirajunior.training.FinanceAppUITests;
				PRODUCT_NAME = "$(TARGET_NAME)";
				SWIFT_EMIT_LOC_STRINGS = NO;
				SWIFT_VERSION = 5.0;
				TARGETED_DEVICE_FAMILY = "1,2";
				TEST_TARGET_NAME = FinanceApp;
			};
			name = Debug;
		};
		722BE93E2DEF331000BFF794 /* Release */ = {
			isa = XCBuildConfiguration;
			buildSettings = {
				CODE_SIGN_STYLE = Automatic;
				CURRENT_PROJECT_VERSION = 1;
				DEVELOPMENT_TEAM = 8448SDBA8X;
				GENERATE_INFOPLIST_FILE = YES;
				MARKETING_VERSION = 1.0;
				PRODUCT_BUNDLE_IDENTIFIER = com.ibirajunior.training.FinanceAppUITests;
				PRODUCT_NAME = "$(TARGET_NAME)";
				SWIFT_EMIT_LOC_STRINGS = NO;
				SWIFT_VERSION = 5.0;
				TARGETED_DEVICE_FAMILY = "1,2";
				TEST_TARGET_NAME = FinanceApp;
			};
			name = Release;
		};
/* End XCBuildConfiguration section */

/* Begin XCConfigurationList section */
		722BE90B2DEF330E00BFF794 /* Build configuration list for PBXProject "FinanceApp" */ = {
			isa = XCConfigurationList;
			buildConfigurations = (
				722BE9342DEF331000BFF794 /* Debug */,
				722BE9352DEF331000BFF794 /* Release */,
			);
			defaultConfigurationIsVisible = 0;
			defaultConfigurationName = Release;
		};
		722BE9362DEF331000BFF794 /* Build configuration list for PBXNativeTarget "FinanceApp" */ = {
			isa = XCConfigurationList;
			buildConfigurations = (
				722BE9372DEF331000BFF794 /* Debug */,
				722BE9382DEF331000BFF794 /* Release */,
			);
			defaultConfigurationIsVisible = 0;
			defaultConfigurationName = Release;
		};
		722BE9392DEF331000BFF794 /* Build configuration list for PBXNativeTarget "FinanceAppTests" */ = {
			isa = XCConfigurationList;
			buildConfigurations = (
				722BE93A2DEF331000BFF794 /* Debug */,
				722BE93B2DEF331000BFF794 /* Release */,
			);
			defaultConfigurationIsVisible = 0;
			defaultConfigurationName = Release;
		};
		722BE93C2DEF331000BFF794 /* Build configuration list for PBXNativeTarget "FinanceAppUITests" */ = {
			isa = XCConfigurationList;
			buildConfigurations = (
				722BE93D2DEF331000BFF794 /* Debug */,
				722BE93E2DEF331000BFF794 /* Release */,
			);
			defaultConfigurationIsVisible = 0;
			defaultConfigurationName = Release;
		};
/* End XCConfigurationList section */

/* Begin XCRemoteSwiftPackageReference section */
		722BE9502DEF35B800BFF794 /* XCRemoteSwiftPackageReference "firebase-ios-sdk" */ = {
			isa = XCRemoteSwiftPackageReference;
			repositoryURL = "https://github.com/firebase/firebase-ios-sdk.git";
			requirement = {
				kind = upToNextMajorVersion;
				minimumVersion = 11.13.0;
			};
		};
/* End XCRemoteSwiftPackageReference section */

/* Begin XCSwiftPackageProductDependency section */
		722BE9512DEF35B800BFF794 /* FirebaseAuth */ = {
			isa = XCSwiftPackageProductDependency;
			package = 722BE9502DEF35B800BFF794 /* XCRemoteSwiftPackageReference "firebase-ios-sdk" */;
			productName = FirebaseAuth;
		};
		722BE9532DEF35B800BFF794 /* FirebaseAuthCombine-Community */ = {
			isa = XCSwiftPackageProductDependency;
			package = 722BE9502DEF35B800BFF794 /* XCRemoteSwiftPackageReference "firebase-ios-sdk" */;
			productName = "FirebaseAuthCombine-Community";
		};
		722BE9552DEF35B800BFF794 /* FirebaseCore */ = {
			isa = XCSwiftPackageProductDependency;
			package = 722BE9502DEF35B800BFF794 /* XCRemoteSwiftPackageReference "firebase-ios-sdk" */;
			productName = FirebaseCore;
		};
		722BE9572DEF35B800BFF794 /* FirebaseDatabase */ = {
			isa = XCSwiftPackageProductDependency;
			package = 722BE9502DEF35B800BFF794 /* XCRemoteSwiftPackageReference "firebase-ios-sdk" */;
			productName = FirebaseDatabase;
		};
		722BE9592DEF35B800BFF794 /* FirebaseFirestore */ = {
			isa = XCSwiftPackageProductDependency;
			package = 722BE9502DEF35B800BFF794 /* XCRemoteSwiftPackageReference "firebase-ios-sdk" */;
			productName = FirebaseFirestore;
		};
		722BE95B2DEF35B800BFF794 /* FirebaseFirestoreCombine-Community */ = {
			isa = XCSwiftPackageProductDependency;
			package = 722BE9502DEF35B800BFF794 /* XCRemoteSwiftPackageReference "firebase-ios-sdk" */;
			productName = "FirebaseFirestoreCombine-Community";
		};
		722BE95D2DEF35B800BFF794 /* FirebaseStorage */ = {
			isa = XCSwiftPackageProductDependency;
			package = 722BE9502DEF35B800BFF794 /* XCRemoteSwiftPackageReference "firebase-ios-sdk" */;
			productName = FirebaseStorage;
		};
		722BE95F2DEF35B800BFF794 /* FirebaseStorageCombine-Community */ = {
			isa = XCSwiftPackageProductDependency;
			package = 722BE9502DEF35B800BFF794 /* XCRemoteSwiftPackageReference "firebase-ios-sdk" */;
			productName = "FirebaseStorageCombine-Community";
		};
		722BE9792DEF98DF00BFF794 /* FirebaseAnalytics */ = {
			isa = XCSwiftPackageProductDependency;
			package = 722BE9502DEF35B800BFF794 /* XCRemoteSwiftPackageReference "firebase-ios-sdk" */;
			productName = FirebaseAnalytics;
		};
		722BE97B2DEF98DF00BFF794 /* FirebaseAnalyticsOnDeviceConversion */ = {
			isa = XCSwiftPackageProductDependency;
			package = 722BE9502DEF35B800BFF794 /* XCRemoteSwiftPackageReference "firebase-ios-sdk" */;
			productName = FirebaseAnalyticsOnDeviceConversion;
		};
/* End XCSwiftPackageProductDependency section */
	};
	rootObject = 722BE9082DEF330E00BFF794 /* Project object */;
}
